<Solution>
  <Folder Name="/CalculatorProject/">
    <Project Path="CalculatorProject/TCSA.Calculator/Calculator.csproj" />
    <Project Path="CalculatorProject/CalculatorLibrary/CalculatorLibrary.csproj" />
  </Folder>
  <Folder Name="/MathsCourse/">
    <Project Path="MathsCourse/TCSA.MathsGame/TCSA.MathsGame.csproj" />
  </Folder>
  <Folder Name="/OOPCourse/">
    <Project Path="OOPCourse/TCSA.OOP.LibraryManagementSystem/TCSA.OOP.LibraryManagementSystem.csproj" />
  </Folder>
</Solution>
